
Microsoft Visual Studio Solution File, Format Version 12.00
# Visual Studio Version 17
VisualStudioVersion = 17.2.32616.157
MinimumVisualStudioVersion = 10.0.40219.1
Project("{FAE04EC0-301F-11D3-BF4B-00C04F79EFBC}") = "Mumbling", "Mumbling\Mumbling.csproj", "{A039E68F-AA29-409A-A471-9CF5B2676A09}"
EndProject
Global
	GlobalSection(SolutionConfigurationPlatforms) = preSolution
		Debug|Any CPU = Debug|Any CPU
		Release|Any CPU = Release|Any CPU
	EndGlobalSection
	GlobalSection(ProjectConfigurationPlatforms) = postSolution
		{A039E68F-AA29-409A-A471-9CF5B2676A09}.Debug|Any CPU.ActiveCfg = Debug|Any CPU
		{A039E68F-AA29-409A-A471-9CF5B2676A09}.Debug|Any CPU.Build.0 = Debug|Any CPU
		{A039E68F-AA29-409A-A471-9CF5B2676A09}.Release|Any CPU.ActiveCfg = Release|Any CPU
		{A039E68F-AA29-409A-A471-9CF5B2676A09}.Release|Any CPU.Build.0 = Release|Any CPU
	EndGlobalSection
	GlobalSection(SolutionProperties) = preSolution
		HideSolutionNode = FALSE
	EndGlobalSection
	GlobalSection(ExtensibilityGlobals) = postSolution
		SolutionGuid = {F09C9FF5-F9E0-44D1-B14E-1AD54C2FEAC0}
	EndGlobalSection
EndGlobal
